// !$*UTF8*$!
{
	archiveVersion = 1;
	classes = {
	};
	objectVersion = 52;
	objects = {

/* Begin PBXBuildFile section */
		607FACD61AFB9204008FA782 /* AppDelegate.swift in Sources */ = {isa = PBXBuildFile; fileRef = 607FACD51AFB9204008FA782 /* AppDelegate.swift */; };
		607FACDD1AFB9204008FA782 /* Images.xcassets in Resources */ = {isa = PBXBuildFile; fileRef = 607FACDC1AFB9204008FA782 /* Images.xcassets */; };
		607FACE01AFB9204008FA782 /* LaunchScreen.xib in Resources */ = {isa = PBXBuildFile; fileRef = 607FACDE1AFB9204008FA782 /* LaunchScreen.xib */; };
		607FACEC1AFB9204008FA782 /* Tests.swift in Sources */ = {isa = PBXBuildFile; fileRef = 607FACEB1AFB9204008FA782 /* Tests.swift */; };
		7B80053F9AD952B55AA6272A /* Pods_SwiftyGo_Example.framework in Frameworks */ = {isa = PBXBuildFile; fileRef = CD3FFBA8D97C391617763B58 /* Pods_SwiftyGo_Example.framework */; };
		BC06E8692738F9D800FBCC56 /* SeeAllView.swift in Sources */ = {isa = PBXBuildFile; fileRef = BC06E8682738F9D800FBCC56 /* SeeAllView.swift */; };
		BC0B9707270BF9DA002B8F35 /* SDWebImageSwiftUI in Frameworks */ = {isa = PBXBuildFile; productRef = BC0B9706270BF9DA002B8F35 /* SDWebImageSwiftUI */; };
		BC0B972A270BFB88002B8F35 /* Network.swift in Sources */ = {isa = PBXBuildFile; fileRef = BC0B9710270BFB88002B8F35 /* Network.swift */; };
		BC0B972D270BFB88002B8F35 /* Urls.swift in Sources */ = {isa = PBXBuildFile; fileRef = BC0B9713270BFB88002B8F35 /* Urls.swift */; };
		BC0B972E270BFB88002B8F35 /* ColorExt.swift in Sources */ = {isa = PBXBuildFile; fileRef = BC0B9715270BFB88002B8F35 /* ColorExt.swift */; };
		BC0B972F270BFB88002B8F35 /* HomeViewModel.swift in Sources */ = {isa = PBXBuildFile; fileRef = BC0B9719270BFB88002B8F35 /* HomeViewModel.swift */; };
		BC0B9730270BFB88002B8F35 /* EmptyView.swift in Sources */ = {isa = PBXBuildFile; fileRef = BC0B971B270BFB88002B8F35 /* EmptyView.swift */; };
		BC0B9731270BFB88002B8F35 /* HomeView.swift in Sources */ = {isa = PBXBuildFile; fileRef = BC0B971C270BFB88002B8F35 /* HomeView.swift */; };
		BC0B9734270BFB88002B8F35 /* HomeNavBar.swift in Sources */ = {isa = PBXBuildFile; fileRef = BC0B9721270BFB88002B8F35 /* HomeNavBar.swift */; };
		BC0B9737270BFB88002B8F35 /* ReusableNavBar.swift in Sources */ = {isa = PBXBuildFile; fileRef = BC0B9724270BFB88002B8F35 /* ReusableNavBar.swift */; };
		BC0B9738270BFB88002B8F35 /* Sizes.swift in Sources */ = {isa = PBXBuildFile; fileRef = BC0B9726270BFB88002B8F35 /* Sizes.swift */; };
		BC0B9739270BFB88002B8F35 /* Threading.swift in Sources */ = {isa = PBXBuildFile; fileRef = BC0B9727270BFB88002B8F35 /* Threading.swift */; };
		BC2A35742717FD3C00D7F2AD /* EventView.swift in Sources */ = {isa = PBXBuildFile; fileRef = BC2A35732717FD3C00D7F2AD /* EventView.swift */; };
		BC2A35762717FF8300D7F2AD /* CharacterView.swift in Sources */ = {isa = PBXBuildFile; fileRef = BC2A35752717FF8300D7F2AD /* CharacterView.swift */; };
		BC2A35782718015300D7F2AD /* SeriesView.swift in Sources */ = {isa = PBXBuildFile; fileRef = BC2A35772718015300D7F2AD /* SeriesView.swift */; };
		BC2A357A271802FB00D7F2AD /* DynamicContainer.swift in Sources */ = {isa = PBXBuildFile; fileRef = BC2A3579271802FB00D7F2AD /* DynamicContainer.swift */; };
		BC2A357C2718082200D7F2AD /* SectionView.swift in Sources */ = {isa = PBXBuildFile; fileRef = BC2A357B2718082200D7F2AD /* SectionView.swift */; };
		BC2A357E27180EFB00D7F2AD /* MarvelViewModel.swift in Sources */ = {isa = PBXBuildFile; fileRef = BC2A357D27180EFB00D7F2AD /* MarvelViewModel.swift */; };
		BC34FA51273813260085F11D /* ComicView.swift in Sources */ = {isa = PBXBuildFile; fileRef = BC34FA50273813260085F11D /* ComicView.swift */; };
		BCA7532A27436EBB00554CFB /* FontExt.swift in Sources */ = {isa = PBXBuildFile; fileRef = BCA7532927436EBB00554CFB /* FontExt.swift */; };
		BCA7532C274371DB00554CFB /* DetailView.swift in Sources */ = {isa = PBXBuildFile; fileRef = BCA7532B274371DB00554CFB /* DetailView.swift */; };
		BCA7532E27437EB700554CFB /* RatingView.swift in Sources */ = {isa = PBXBuildFile; fileRef = BCA7532D27437EB700554CFB /* RatingView.swift */; };
		BCE20E402715FE4A00AEED89 /* MarvelModel.swift in Sources */ = {isa = PBXBuildFile; fileRef = BCE20E3F2715FE4A00AEED89 /* MarvelModel.swift */; };
		E40989345D82FCE32A7C7C95 /* Pods_SwiftyGo_Tests.framework in Frameworks */ = {isa = PBXBuildFile; fileRef = C14AF087EEBA26934EA509AC /* Pods_SwiftyGo_Tests.framework */; };
/* End PBXBuildFile section */

/* Begin PBXContainerItemProxy section */
		607FACE61AFB9204008FA782 /* PBXContainerItemProxy */ = {
			isa = PBXContainerItemProxy;
			containerPortal = 607FACC81AFB9204008FA782 /* Project object */;
			proxyType = 1;
			remoteGlobalIDString = 607FACCF1AFB9204008FA782;
			remoteInfo = SwiftyGo;
		};
/* End PBXContainerItemProxy section */

/* Begin PBXFileReference section */
		0C8590074EA3049E811BFAF3 /* README.md */ = {isa = PBXFileReference; includeInIndex = 1; lastKnownFileType = net.daringfireball.markdown; name = README.md; path = ../README.md; sourceTree = "<group>"; };
		32626840140EA54CB1682D38 /* Pods-SwiftyGo_Example.debug.xcconfig */ = {isa = PBXFileReference; includeInIndex = 1; lastKnownFileType = text.xcconfig; name = "Pods-SwiftyGo_Example.debug.xcconfig"; path = "Target Support Files/Pods-SwiftyGo_Example/Pods-SwiftyGo_Example.debug.xcconfig"; sourceTree = "<group>"; };
		51EA04224C419A70A9715F37 /* Pods-SwiftyGo_Tests.debug.xcconfig */ = {isa = PBXFileReference; includeInIndex = 1; lastKnownFileType = text.xcconfig; name = "Pods-SwiftyGo_Tests.debug.xcconfig"; path = "Target Support Files/Pods-SwiftyGo_Tests/Pods-SwiftyGo_Tests.debug.xcconfig"; sourceTree = "<group>"; };
		607FACD01AFB9204008FA782 /* SwiftyGo_Example.app */ = {isa = PBXFileReference; explicitFileType = wrapper.application; includeInIndex = 0; path = SwiftyGo_Example.app; sourceTree = BUILT_PRODUCTS_DIR; };
		607FACD41AFB9204008FA782 /* Info.plist */ = {isa = PBXFileReference; lastKnownFileType = text.plist.xml; path = Info.plist; sourceTree = "<group>"; };
		607FACD51AFB9204008FA782 /* AppDelegate.swift */ = {isa = PBXFileReference; lastKnownFileType = sourcecode.swift; path = AppDelegate.swift; sourceTree = "<group>"; };
		607FACDC1AFB9204008FA782 /* Images.xcassets */ = {isa = PBXFileReference; lastKnownFileType = folder.assetcatalog; path = Images.xcassets; sourceTree = "<group>"; };
		607FACDF1AFB9204008FA782 /* Base */ = {isa = PBXFileReference; lastKnownFileType = file.xib; name = Base; path = Base.lproj/LaunchScreen.xib; sourceTree = "<group>"; };
		607FACE51AFB9204008FA782 /* SwiftyGo_Tests.xctest */ = {isa = PBXFileReference; explicitFileType = wrapper.cfbundle; includeInIndex = 0; path = SwiftyGo_Tests.xctest; sourceTree = BUILT_PRODUCTS_DIR; };
		607FACEA1AFB9204008FA782 /* Info.plist */ = {isa = PBXFileReference; lastKnownFileType = text.plist.xml; path = Info.plist; sourceTree = "<group>"; };
		607FACEB1AFB9204008FA782 /* Tests.swift */ = {isa = PBXFileReference; lastKnownFileType = sourcecode.swift; path = Tests.swift; sourceTree = "<group>"; };
		612464C174A5162342EC5BC0 /* Pods-SwiftyGo_Example.release.xcconfig */ = {isa = PBXFileReference; includeInIndex = 1; lastKnownFileType = text.xcconfig; name = "Pods-SwiftyGo_Example.release.xcconfig"; path = "Target Support Files/Pods-SwiftyGo_Example/Pods-SwiftyGo_Example.release.xcconfig"; sourceTree = "<group>"; };
		671237C4E911E958314200E0 /* LICENSE */ = {isa = PBXFileReference; includeInIndex = 1; lastKnownFileType = text; name = LICENSE; path = ../LICENSE; sourceTree = "<group>"; };
		6C672622E148810B99A8BCCD /* SwiftyGo.podspec */ = {isa = PBXFileReference; includeInIndex = 1; lastKnownFileType = text; name = SwiftyGo.podspec; path = ../SwiftyGo.podspec; sourceTree = "<group>"; xcLanguageSpecificationIdentifier = xcode.lang.ruby; };
		BC06E8682738F9D800FBCC56 /* SeeAllView.swift */ = {isa = PBXFileReference; lastKnownFileType = sourcecode.swift; path = SeeAllView.swift; sourceTree = "<group>"; };
		BC0B9710270BFB88002B8F35 /* Network.swift */ = {isa = PBXFileReference; fileEncoding = 4; lastKnownFileType = sourcecode.swift; path = Network.swift; sourceTree = "<group>"; };
		BC0B9713270BFB88002B8F35 /* Urls.swift */ = {isa = PBXFileReference; fileEncoding = 4; lastKnownFileType = sourcecode.swift; path = Urls.swift; sourceTree = "<group>"; };
		BC0B9715270BFB88002B8F35 /* ColorExt.swift */ = {isa = PBXFileReference; fileEncoding = 4; lastKnownFileType = sourcecode.swift; path = ColorExt.swift; sourceTree = "<group>"; };
		BC0B9719270BFB88002B8F35 /* HomeViewModel.swift */ = {isa = PBXFileReference; fileEncoding = 4; lastKnownFileType = sourcecode.swift; path = HomeViewModel.swift; sourceTree = "<group>"; };
		BC0B971B270BFB88002B8F35 /* EmptyView.swift */ = {isa = PBXFileReference; fileEncoding = 4; lastKnownFileType = sourcecode.swift; path = EmptyView.swift; sourceTree = "<group>"; };
		BC0B971C270BFB88002B8F35 /* HomeView.swift */ = {isa = PBXFileReference; fileEncoding = 4; lastKnownFileType = sourcecode.swift; path = HomeView.swift; sourceTree = "<group>"; };
		BC0B9721270BFB88002B8F35 /* HomeNavBar.swift */ = {isa = PBXFileReference; fileEncoding = 4; lastKnownFileType = sourcecode.swift; path = HomeNavBar.swift; sourceTree = "<group>"; };
		BC0B9724270BFB88002B8F35 /* ReusableNavBar.swift */ = {isa = PBXFileReference; fileEncoding = 4; lastKnownFileType = sourcecode.swift; path = ReusableNavBar.swift; sourceTree = "<group>"; };
		BC0B9726270BFB88002B8F35 /* Sizes.swift */ = {isa = PBXFileReference; fileEncoding = 4; lastKnownFileType = sourcecode.swift; path = Sizes.swift; sourceTree = "<group>"; };
		BC0B9727270BFB88002B8F35 /* Threading.swift */ = {isa = PBXFileReference; fileEncoding = 4; lastKnownFileType = sourcecode.swift; path = Threading.swift; sourceTree = "<group>"; };
		BC2A35732717FD3C00D7F2AD /* EventView.swift */ = {isa = PBXFileReference; lastKnownFileType = sourcecode.swift; path = EventView.swift; sourceTree = "<group>"; };
		BC2A35752717FF8300D7F2AD /* CharacterView.swift */ = {isa = PBXFileReference; lastKnownFileType = sourcecode.swift; path = CharacterView.swift; sourceTree = "<group>"; };
		BC2A35772718015300D7F2AD /* SeriesView.swift */ = {isa = PBXFileReference; lastKnownFileType = sourcecode.swift; path = SeriesView.swift; sourceTree = "<group>"; };
		BC2A3579271802FB00D7F2AD /* DynamicContainer.swift */ = {isa = PBXFileReference; lastKnownFileType = sourcecode.swift; path = DynamicContainer.swift; sourceTree = "<group>"; };
		BC2A357B2718082200D7F2AD /* SectionView.swift */ = {isa = PBXFileReference; lastKnownFileType = sourcecode.swift; path = SectionView.swift; sourceTree = "<group>"; };
		BC2A357D27180EFB00D7F2AD /* MarvelViewModel.swift */ = {isa = PBXFileReference; lastKnownFileType = sourcecode.swift; path = MarvelViewModel.swift; sourceTree = "<group>"; };
		BC34FA50273813260085F11D /* ComicView.swift */ = {isa = PBXFileReference; lastKnownFileType = sourcecode.swift; path = ComicView.swift; sourceTree = "<group>"; };
		BCA7532927436EBB00554CFB /* FontExt.swift */ = {isa = PBXFileReference; lastKnownFileType = sourcecode.swift; path = FontExt.swift; sourceTree = "<group>"; };
		BCA7532B274371DB00554CFB /* DetailView.swift */ = {isa = PBXFileReference; lastKnownFileType = sourcecode.swift; path = DetailView.swift; sourceTree = "<group>"; };
		BCA7532D27437EB700554CFB /* RatingView.swift */ = {isa = PBXFileReference; lastKnownFileType = sourcecode.swift; path = RatingView.swift; sourceTree = "<group>"; };
		BCE20E3F2715FE4A00AEED89 /* MarvelModel.swift */ = {isa = PBXFileReference; lastKnownFileType = sourcecode.swift; path = MarvelModel.swift; sourceTree = "<group>"; };
		C14AF087EEBA26934EA509AC /* Pods_SwiftyGo_Tests.framework */ = {isa = PBXFileReference; explicitFileType = wrapper.framework; includeInIndex = 0; path = Pods_SwiftyGo_Tests.framework; sourceTree = BUILT_PRODUCTS_DIR; };
		CD3FFBA8D97C391617763B58 /* Pods_SwiftyGo_Example.framework */ = {isa = PBXFileReference; explicitFileType = wrapper.framework; includeInIndex = 0; path = Pods_SwiftyGo_Example.framework; sourceTree = BUILT_PRODUCTS_DIR; };
		EC7D2362F459C16D9FBE87CC /* Pods-SwiftyGo_Tests.release.xcconfig */ = {isa = PBXFileReference; includeInIndex = 1; lastKnownFileType = text.xcconfig; name = "Pods-SwiftyGo_Tests.release.xcconfig"; path = "Target Support Files/Pods-SwiftyGo_Tests/Pods-SwiftyGo_Tests.release.xcconfig"; sourceTree = "<group>"; };
/* End PBXFileReference section */

/* Begin PBXFrameworksBuildPhase section */
		607FACCD1AFB9204008FA782 /* Frameworks */ = {
			isa = PBXFrameworksBuildPhase;
			buildActionMask = 2147483647;
			files = (
				BC0B9707270BF9DA002B8F35 /* SDWebImageSwiftUI in Frameworks */,
				7B80053F9AD952B55AA6272A /* Pods_SwiftyGo_Example.framework in Frameworks */,
			);
			runOnlyForDeploymentPostprocessing = 0;
		};
		607FACE21AFB9204008FA782 /* Frameworks */ = {
			isa = PBXFrameworksBuildPhase;
			buildActionMask = 2147483647;
			files = (
				E40989345D82FCE32A7C7C95 /* Pods_SwiftyGo_Tests.framework in Frameworks */,
			);
			runOnlyForDeploymentPostprocessing = 0;
		};
/* End PBXFrameworksBuildPhase section */

/* Begin PBXGroup section */
		4197F6E4821A00904040F9D4 /* Pods */ = {
			isa = PBXGroup;
			children = (
				32626840140EA54CB1682D38 /* Pods-SwiftyGo_Example.debug.xcconfig */,
				612464C174A5162342EC5BC0 /* Pods-SwiftyGo_Example.release.xcconfig */,
				51EA04224C419A70A9715F37 /* Pods-SwiftyGo_Tests.debug.xcconfig */,
				EC7D2362F459C16D9FBE87CC /* Pods-SwiftyGo_Tests.release.xcconfig */,
			);
			path = Pods;
			sourceTree = "<group>";
		};
		607FACC71AFB9204008FA782 = {
			isa = PBXGroup;
			children = (
				607FACF51AFB993E008FA782 /* Podspec Metadata */,
				607FACD21AFB9204008FA782 /* Example for SwiftyGo */,
				607FACE81AFB9204008FA782 /* Tests */,
				607FACD11AFB9204008FA782 /* Products */,
				4197F6E4821A00904040F9D4 /* Pods */,
				E7AB81A96298D899D7521990 /* Frameworks */,
			);
			sourceTree = "<group>";
		};
		607FACD11AFB9204008FA782 /* Products */ = {
			isa = PBXGroup;
			children = (
				607FACD01AFB9204008FA782 /* SwiftyGo_Example.app */,
				607FACE51AFB9204008FA782 /* SwiftyGo_Tests.xctest */,
			);
			name = Products;
			sourceTree = "<group>";
		};
		607FACD21AFB9204008FA782 /* Example for SwiftyGo */ = {
			isa = PBXGroup;
			children = (
				BC2A356F2717FC5B00D7F2AD /* View */,
				BC2A356E2717FC3F00D7F2AD /* ViewModel */,
				BC2A356D2717FC3A00D7F2AD /* Model */,
				BC2A356C2717FC3300D7F2AD /* Screens */,
				BC0B9714270BFB88002B8F35 /* Extension */,
				BC0B970B270BFB88002B8F35 /* Networking */,
				BC0B9725270BFB88002B8F35 /* Utils */,
				607FACD51AFB9204008FA782 /* AppDelegate.swift */,
				607FACDC1AFB9204008FA782 /* Images.xcassets */,
				607FACDE1AFB9204008FA782 /* LaunchScreen.xib */,
				607FACD31AFB9204008FA782 /* Supporting Files */,
			);
			name = "Example for SwiftyGo";
			path = SwiftyGo;
			sourceTree = "<group>";
		};
		607FACD31AFB9204008FA782 /* Supporting Files */ = {
			isa = PBXGroup;
			children = (
				607FACD41AFB9204008FA782 /* Info.plist */,
			);
			name = "Supporting Files";
			sourceTree = "<group>";
		};
		607FACE81AFB9204008FA782 /* Tests */ = {
			isa = PBXGroup;
			children = (
				607FACEB1AFB9204008FA782 /* Tests.swift */,
				607FACE91AFB9204008FA782 /* Supporting Files */,
			);
			path = Tests;
			sourceTree = "<group>";
		};
		607FACE91AFB9204008FA782 /* Supporting Files */ = {
			isa = PBXGroup;
			children = (
				607FACEA1AFB9204008FA782 /* Info.plist */,
			);
			name = "Supporting Files";
			sourceTree = "<group>";
		};
		607FACF51AFB993E008FA782 /* Podspec Metadata */ = {
			isa = PBXGroup;
			children = (
				6C672622E148810B99A8BCCD /* SwiftyGo.podspec */,
				0C8590074EA3049E811BFAF3 /* README.md */,
				671237C4E911E958314200E0 /* LICENSE */,
			);
			name = "Podspec Metadata";
			sourceTree = "<group>";
		};
		BC0B970B270BFB88002B8F35 /* Networking */ = {
			isa = PBXGroup;
			children = (
				BC0B9710270BFB88002B8F35 /* Network.swift */,
				BC0B9713270BFB88002B8F35 /* Urls.swift */,
			);
			path = Networking;
			sourceTree = "<group>";
		};
		BC0B9714270BFB88002B8F35 /* Extension */ = {
			isa = PBXGroup;
			children = (
				BC0B9715270BFB88002B8F35 /* ColorExt.swift */,
				BCA7532927436EBB00554CFB /* FontExt.swift */,
			);
			path = Extension;
			sourceTree = "<group>";
		};
		BC0B9725270BFB88002B8F35 /* Utils */ = {
			isa = PBXGroup;
			children = (
				BC0B9726270BFB88002B8F35 /* Sizes.swift */,
				BC0B9727270BFB88002B8F35 /* Threading.swift */,
			);
			path = Utils;
			sourceTree = "<group>";
		};
		BC2A356C2717FC3300D7F2AD /* Screens */ = {
			isa = PBXGroup;
			children = (
				BC0B971B270BFB88002B8F35 /* EmptyView.swift */,
				BC0B971C270BFB88002B8F35 /* HomeView.swift */,
				BC2A3579271802FB00D7F2AD /* DynamicContainer.swift */,
				BCA7532B274371DB00554CFB /* DetailView.swift */,
			);
			path = Screens;
			sourceTree = "<group>";
		};
		BC2A356D2717FC3A00D7F2AD /* Model */ = {
			isa = PBXGroup;
			children = (
				BCE20E3F2715FE4A00AEED89 /* MarvelModel.swift */,
			);
			path = Model;
			sourceTree = "<group>";
		};
		BC2A356E2717FC3F00D7F2AD /* ViewModel */ = {
			isa = PBXGroup;
			children = (
				BC0B9719270BFB88002B8F35 /* HomeViewModel.swift */,
				BC2A357D27180EFB00D7F2AD /* MarvelViewModel.swift */,
			);
			path = ViewModel;
			sourceTree = "<group>";
		};
		BC2A356F2717FC5B00D7F2AD /* View */ = {
			isa = PBXGroup;
			children = (
				BC0B9721270BFB88002B8F35 /* HomeNavBar.swift */,
				BC0B9724270BFB88002B8F35 /* ReusableNavBar.swift */,
				BC2A35732717FD3C00D7F2AD /* EventView.swift */,
				BC2A35752717FF8300D7F2AD /* CharacterView.swift */,
				BC2A35772718015300D7F2AD /* SeriesView.swift */,
				BC2A357B2718082200D7F2AD /* SectionView.swift */,
				BC34FA50273813260085F11D /* ComicView.swift */,
				BC06E8682738F9D800FBCC56 /* SeeAllView.swift */,
				BCA7532D27437EB700554CFB /* RatingView.swift */,
			);
			path = View;
			sourceTree = "<group>";
		};
		E7AB81A96298D899D7521990 /* Frameworks */ = {
			isa = PBXGroup;
			children = (
				CD3FFBA8D97C391617763B58 /* Pods_SwiftyGo_Example.framework */,
				C14AF087EEBA26934EA509AC /* Pods_SwiftyGo_Tests.framework */,
			);
			name = Frameworks;
			sourceTree = "<group>";
		};
/* End PBXGroup section */

/* Begin PBXNativeTarget section */
		607FACCF1AFB9204008FA782 /* SwiftyGo_Example */ = {
			isa = PBXNativeTarget;
			buildConfigurationList = 607FACEF1AFB9204008FA782 /* Build configuration list for PBXNativeTarget "SwiftyGo_Example" */;
			buildPhases = (
				85E4F3695E6FFDE226E79EBD /* [CP] Check Pods Manifest.lock */,
				607FACCC1AFB9204008FA782 /* Sources */,
				607FACCD1AFB9204008FA782 /* Frameworks */,
				607FACCE1AFB9204008FA782 /* Resources */,
				29A2C73A96F0B0A1D73D2320 /* [CP] Embed Pods Frameworks */,
			);
			buildRules = (
			);
			dependencies = (
			);
			name = SwiftyGo_Example;
			packageProductDependencies = (
				BC0B9706270BF9DA002B8F35 /* SDWebImageSwiftUI */,
			);
			productName = SwiftyGo;
			productReference = 607FACD01AFB9204008FA782 /* SwiftyGo_Example.app */;
			productType = "com.apple.product-type.application";
		};
		607FACE41AFB9204008FA782 /* SwiftyGo_Tests */ = {
			isa = PBXNativeTarget;
			buildConfigurationList = 607FACF21AFB9204008FA782 /* Build configuration list for PBXNativeTarget "SwiftyGo_Tests" */;
			buildPhases = (
				4900ABE2CDBE75312EDEB1F9 /* [CP] Check Pods Manifest.lock */,
				607FACE11AFB9204008FA782 /* Sources */,
				607FACE21AFB9204008FA782 /* Frameworks */,
				607FACE31AFB9204008FA782 /* Resources */,
			);
			buildRules = (
			);
			dependencies = (
				607FACE71AFB9204008FA782 /* PBXTargetDependency */,
			);
			name = SwiftyGo_Tests;
			productName = Tests;
			productReference = 607FACE51AFB9204008FA782 /* SwiftyGo_Tests.xctest */;
			productType = "com.apple.product-type.bundle.unit-test";
		};
/* End PBXNativeTarget section */

/* Begin PBXProject section */
		607FACC81AFB9204008FA782 /* Project object */ = {
			isa = PBXProject;
			attributes = {
				LastSwiftUpdateCheck = 0830;
				LastUpgradeCheck = 1300;
				ORGANIZATIONNAME = CocoaPods;
				TargetAttributes = {
					607FACCF1AFB9204008FA782 = {
						CreatedOnToolsVersion = 6.3.1;
						LastSwiftMigration = 1300;
					};
					607FACE41AFB9204008FA782 = {
						CreatedOnToolsVersion = 6.3.1;
						LastSwiftMigration = 1300;
						TestTargetID = 607FACCF1AFB9204008FA782;
					};
				};
			};
			buildConfigurationList = 607FACCB1AFB9204008FA782 /* Build configuration list for PBXProject "SwiftyGo" */;
			compatibilityVersion = "Xcode 3.2";
			developmentRegion = en;
			hasScannedForEncodings = 0;
			knownRegions = (
				en,
				Base,
			);
			mainGroup = 607FACC71AFB9204008FA782;
			packageReferences = (
				BC0B9705270BF9DA002B8F35 /* XCRemoteSwiftPackageReference "SDWebImageSwiftUI" */,
			);
			productRefGroup = 607FACD11AFB9204008FA782 /* Products */;
			projectDirPath = "";
			projectRoot = "";
			targets = (
				607FACCF1AFB9204008FA782 /* SwiftyGo_Example */,
				607FACE41AFB9204008FA782 /* SwiftyGo_Tests */,
			);
		};
/* End PBXProject section */

/* Begin PBXResourcesBuildPhase section */
		607FACCE1AFB9204008FA782 /* Resources */ = {
			isa = PBXResourcesBuildPhase;
			buildActionMask = 2147483647;
			files = (
				607FACE01AFB9204008FA782 /* LaunchScreen.xib in Resources */,
				607FACDD1AFB9204008FA782 /* Images.xcassets in Resources */,
			);
			runOnlyForDeploymentPostprocessing = 0;
		};
		607FACE31AFB9204008FA782 /* Resources */ = {
			isa = PBXResourcesBuildPhase;
			buildActionMask = 2147483647;
			files = (
			);
			runOnlyForDeploymentPostprocessing = 0;
		};
/* End PBXResourcesBuildPhase section */

/* Begin PBXShellScriptBuildPhase section */
		29A2C73A96F0B0A1D73D2320 /* [CP] Embed Pods Frameworks */ = {
			isa = PBXShellScriptBuildPhase;
			buildActionMask = 2147483647;
			files = (
			);
			inputPaths = (
				"${PODS_ROOT}/Target Support Files/Pods-SwiftyGo_Example/Pods-SwiftyGo_Example-frameworks.sh",
				"${BUILT_PRODUCTS_DIR}/SwiftyGo/SwiftyGo.framework",
			);
			name = "[CP] Embed Pods Frameworks";
			outputPaths = (
				"${TARGET_BUILD_DIR}/${FRAMEWORKS_FOLDER_PATH}/SwiftyGo.framework",
			);
			runOnlyForDeploymentPostprocessing = 0;
			shellPath = /bin/sh;
			shellScript = "\"${PODS_ROOT}/Target Support Files/Pods-SwiftyGo_Example/Pods-SwiftyGo_Example-frameworks.sh\"\n";
			showEnvVarsInLog = 0;
		};
		4900ABE2CDBE75312EDEB1F9 /* [CP] Check Pods Manifest.lock */ = {
			isa = PBXShellScriptBuildPhase;
			buildActionMask = 2147483647;
			files = (
			);
			inputFileListPaths = (
			);
			inputPaths = (
				"${PODS_PODFILE_DIR_PATH}/Podfile.lock",
				"${PODS_ROOT}/Manifest.lock",
			);
			name = "[CP] Check Pods Manifest.lock";
			outputFileListPaths = (
			);
			outputPaths = (
				"$(DERIVED_FILE_DIR)/Pods-SwiftyGo_Tests-checkManifestLockResult.txt",
			);
			runOnlyForDeploymentPostprocessing = 0;
			shellPath = /bin/sh;
			shellScript = "diff \"${PODS_PODFILE_DIR_PATH}/Podfile.lock\" \"${PODS_ROOT}/Manifest.lock\" > /dev/null\nif [ $? != 0 ] ; then\n    # print error to STDERR\n    echo \"error: The sandbox is not in sync with the Podfile.lock. Run 'pod install' or update your CocoaPods installation.\" >&2\n    exit 1\nfi\n# This output is used by Xcode 'outputs' to avoid re-running this script phase.\necho \"SUCCESS\" > \"${SCRIPT_OUTPUT_FILE_0}\"\n";
			showEnvVarsInLog = 0;
		};
		85E4F3695E6FFDE226E79EBD /* [CP] Check Pods Manifest.lock */ = {
			isa = PBXShellScriptBuildPhase;
			buildActionMask = 2147483647;
			files = (
			);
			inputFileListPaths = (
			);
			inputPaths = (
				"${PODS_PODFILE_DIR_PATH}/Podfile.lock",
				"${PODS_ROOT}/Manifest.lock",
			);
			name = "[CP] Check Pods Manifest.lock";
			outputFileListPaths = (
			);
			outputPaths = (
				"$(DERIVED_FILE_DIR)/Pods-SwiftyGo_Example-checkManifestLockResult.txt",
			);
			runOnlyForDeploymentPostprocessing = 0;
			shellPath = /bin/sh;
			shellScript = "diff \"${PODS_PODFILE_DIR_PATH}/Podfile.lock\" \"${PODS_ROOT}/Manifest.lock\" > /dev/null\nif [ $? != 0 ] ; then\n    # print error to STDERR\n    echo \"error: The sandbox is not in sync with the Podfile.lock. Run 'pod install' or update your CocoaPods installation.\" >&2\n    exit 1\nfi\n# This output is used by Xcode 'outputs' to avoid re-running this script phase.\necho \"SUCCESS\" > \"${SCRIPT_OUTPUT_FILE_0}\"\n";
			showEnvVarsInLog = 0;
		};
/* End PBXShellScriptBuildPhase section */

/* Begin PBXSourcesBuildPhase section */
		607FACCC1AFB9204008FA782 /* Sources */ = {
			isa = PBXSourcesBuildPhase;
			buildActionMask = 2147483647;
			files = (
				BC06E8692738F9D800FBCC56 /* SeeAllView.swift in Sources */,
				BC0B9739270BFB88002B8F35 /* Threading.swift in Sources */,
				BC0B972A270BFB88002B8F35 /* Network.swift in Sources */,
				BC2A35782718015300D7F2AD /* SeriesView.swift in Sources */,
				BC0B972E270BFB88002B8F35 /* ColorExt.swift in Sources */,
				BCA7532C274371DB00554CFB /* DetailView.swift in Sources */,
				BCA7532A27436EBB00554CFB /* FontExt.swift in Sources */,
				BCA7532E27437EB700554CFB /* RatingView.swift in Sources */,
				BC34FA51273813260085F11D /* ComicView.swift in Sources */,
				BC2A35762717FF8300D7F2AD /* CharacterView.swift in Sources */,
				BC0B9730270BFB88002B8F35 /* EmptyView.swift in Sources */,
				BC2A357E27180EFB00D7F2AD /* MarvelViewModel.swift in Sources */,
				BC0B972F270BFB88002B8F35 /* HomeViewModel.swift in Sources */,
				BC0B9738270BFB88002B8F35 /* Sizes.swift in Sources */,
				BC0B9734270BFB88002B8F35 /* HomeNavBar.swift in Sources */,
				BC2A357C2718082200D7F2AD /* SectionView.swift in Sources */,
				BC0B972D270BFB88002B8F35 /* Urls.swift in Sources */,
				607FACD61AFB9204008FA782 /* AppDelegate.swift in Sources */,
				BC0B9737270BFB88002B8F35 /* ReusableNavBar.swift in Sources */,
				BC2A357A271802FB00D7F2AD /* DynamicContainer.swift in Sources */,
				BC2A35742717FD3C00D7F2AD /* EventView.swift in Sources */,
				BC0B9731270BFB88002B8F35 /* HomeView.swift in Sources */,
				BCE20E402715FE4A00AEED89 /* MarvelModel.swift in Sources */,
			);
			runOnlyForDeploymentPostprocessing = 0;
		};
		607FACE11AFB9204008FA782 /* Sources */ = {
			isa = PBXSourcesBuildPhase;
			buildActionMask = 2147483647;
			files = (
				607FACEC1AFB9204008FA782 /* Tests.swift in Sources */,
			);
			runOnlyForDeploymentPostprocessing = 0;
		};
/* End PBXSourcesBuildPhase section */

/* Begin PBXTargetDependency section */
		607FACE71AFB9204008FA782 /* PBXTargetDependency */ = {
			isa = PBXTargetDependency;
			target = 607FACCF1AFB9204008FA782 /* SwiftyGo_Example */;
			targetProxy = 607FACE61AFB9204008FA782 /* PBXContainerItemProxy */;
		};
/* End PBXTargetDependency section */

/* Begin PBXVariantGroup section */
		607FACDE1AFB9204008FA782 /* LaunchScreen.xib */ = {
			isa = PBXVariantGroup;
			children = (
				607FACDF1AFB9204008FA782 /* Base */,
			);
			name = LaunchScreen.xib;
			sourceTree = "<group>";
		};
/* End PBXVariantGroup section */

/* Begin XCBuildConfiguration section */
		607FACED1AFB9204008FA782 /* Debug */ = {
			isa = XCBuildConfiguration;
			buildSettings = {
				ALWAYS_SEARCH_USER_PATHS = NO;
				CLANG_ANALYZER_LOCALIZABILITY_NONLOCALIZED = YES;
				CLANG_CXX_LANGUAGE_STANDARD = "gnu++0x";
				CLANG_CXX_LIBRARY = "libc++";
				CLANG_ENABLE_MODULES = YES;
				CLANG_ENABLE_OBJC_ARC = YES;
				CLANG_WARN_BLOCK_CAPTURE_AUTORELEASING = YES;
				CLANG_WARN_BOOL_CONVERSION = YES;
				CLANG_WARN_COMMA = YES;
				CLANG_WARN_CONSTANT_CONVERSION = YES;
				CLANG_WARN_DEPRECATED_OBJC_IMPLEMENTATIONS = YES;
				CLANG_WARN_DIRECT_OBJC_ISA_USAGE = YES_ERROR;
				CLANG_WARN_EMPTY_BODY = YES;
				CLANG_WARN_ENUM_CONVERSION = YES;
				CLANG_WARN_INFINITE_RECURSION = YES;
				CLANG_WARN_INT_CONVERSION = YES;
				CLANG_WARN_NON_LITERAL_NULL_CONVERSION = YES;
				CLANG_WARN_OBJC_IMPLICIT_RETAIN_SELF = YES;
				CLANG_WARN_OBJC_LITERAL_CONVERSION = YES;
				CLANG_WARN_OBJC_ROOT_CLASS = YES_ERROR;
				CLANG_WARN_QUOTED_INCLUDE_IN_FRAMEWORK_HEADER = YES;
				CLANG_WARN_RANGE_LOOP_ANALYSIS = YES;
				CLANG_WARN_STRICT_PROTOTYPES = YES;
				CLANG_WARN_SUSPICIOUS_MOVE = YES;
				CLANG_WARN_UNREACHABLE_CODE = YES;
				CLANG_WARN__DUPLICATE_METHOD_MATCH = YES;
				"CODE_SIGN_IDENTITY[sdk=iphoneos*]" = "iPhone Developer";
				COPY_PHASE_STRIP = NO;
				DEBUG_INFORMATION_FORMAT = "dwarf-with-dsym";
				ENABLE_STRICT_OBJC_MSGSEND = YES;
				ENABLE_TESTABILITY = YES;
				GCC_C_LANGUAGE_STANDARD = gnu99;
				GCC_DYNAMIC_NO_PIC = NO;
				GCC_NO_COMMON_BLOCKS = YES;
				GCC_OPTIMIZATION_LEVEL = 0;
				GCC_PREPROCESSOR_DEFINITIONS = (
					"DEBUG=1",
					"$(inherited)",
				);
				GCC_SYMBOLS_PRIVATE_EXTERN = NO;
				GCC_WARN_64_TO_32_BIT_CONVERSION = YES;
				GCC_WARN_ABOUT_RETURN_TYPE = YES_ERROR;
				GCC_WARN_UNDECLARED_SELECTOR = YES;
				GCC_WARN_UNINITIALIZED_AUTOS = YES_AGGRESSIVE;
				GCC_WARN_UNUSED_FUNCTION = YES;
				GCC_WARN_UNUSED_VARIABLE = YES;
				IPHONEOS_DEPLOYMENT_TARGET = 14.0;
				MTL_ENABLE_DEBUG_INFO = YES;
				ONLY_ACTIVE_ARCH = YES;
				SDKROOT = iphoneos;
				SWIFT_OPTIMIZATION_LEVEL = "-Onone";
			};
			name = Debug;
		};
		607FACEE1AFB9204008FA782 /* Release */ = {
			isa = XCBuildConfiguration;
			buildSettings = {
				ALWAYS_SEARCH_USER_PATHS = NO;
				CLANG_ANALYZER_LOCALIZABILITY_NONLOCALIZED = YES;
				CLANG_CXX_LANGUAGE_STANDARD = "gnu++0x";
				CLANG_CXX_LIBRARY = "libc++";
				CLANG_ENABLE_MODULES = YES;
				CLANG_ENABLE_OBJC_ARC = YES;
				CLANG_WARN_BLOCK_CAPTURE_AUTORELEASING = YES;
				CLANG_WARN_BOOL_CONVERSION = YES;
				CLANG_WARN_COMMA = YES;
				CLANG_WARN_CONSTANT_CONVERSION = YES;
				CLANG_WARN_DEPRECATED_OBJC_IMPLEMENTATIONS = YES;
				CLANG_WARN_DIRECT_OBJC_ISA_USAGE = YES_ERROR;
				CLANG_WARN_EMPTY_BODY = YES;
				CLANG_WARN_ENUM_CONVERSION = YES;
				CLANG_WARN_INFINITE_RECURSION = YES;
				CLANG_WARN_INT_CONVERSION = YES;
				CLANG_WARN_NON_LITERAL_NULL_CONVERSION = YES;
				CLANG_WARN_OBJC_IMPLICIT_RETAIN_SELF = YES;
				CLANG_WARN_OBJC_LITERAL_CONVERSION = YES;
				CLANG_WARN_OBJC_ROOT_CLASS = YES_ERROR;
				CLANG_WARN_QUOTED_INCLUDE_IN_FRAMEWORK_HEADER = YES;
				CLANG_WARN_RANGE_LOOP_ANALYSIS = YES;
				CLANG_WARN_STRICT_PROTOTYPES = YES;
				CLANG_WARN_SUSPICIOUS_MOVE = YES;
				CLANG_WARN_UNREACHABLE_CODE = YES;
				CLANG_WARN__DUPLICATE_METHOD_MATCH = YES;
				"CODE_SIGN_IDENTITY[sdk=iphoneos*]" = "iPhone Developer";
				COPY_PHASE_STRIP = NO;
				DEBUG_INFORMATION_FORMAT = "dwarf-with-dsym";
				ENABLE_NS_ASSERTIONS = NO;
				ENABLE_STRICT_OBJC_MSGSEND = YES;
				GCC_C_LANGUAGE_STANDARD = gnu99;
				GCC_NO_COMMON_BLOCKS = YES;
				GCC_WARN_64_TO_32_BIT_CONVERSION = YES;
				GCC_WARN_ABOUT_RETURN_TYPE = YES_ERROR;
				GCC_WARN_UNDECLARED_SELECTOR = YES;
				GCC_WARN_UNINITIALIZED_AUTOS = YES_AGGRESSIVE;
				GCC_WARN_UNUSED_FUNCTION = YES;
				GCC_WARN_UNUSED_VARIABLE = YES;
				IPHONEOS_DEPLOYMENT_TARGET = 14.0;
				MTL_ENABLE_DEBUG_INFO = NO;
				SDKROOT = iphoneos;
				SWIFT_COMPILATION_MODE = wholemodule;
				SWIFT_OPTIMIZATION_LEVEL = "-O";
				VALIDATE_PRODUCT = YES;
			};
			name = Release;
		};
		607FACF01AFB9204008FA782 /* Debug */ = {
			isa = XCBuildConfiguration;
			baseConfigurationReference = 32626840140EA54CB1682D38 /* Pods-SwiftyGo_Example.debug.xcconfig */;
			buildSettings = {
				ASSETCATALOG_COMPILER_APPICON_NAME = AppIcon;
				INFOPLIST_FILE = SwiftyGo/Info.plist;
				IPHONEOS_DEPLOYMENT_TARGET = 14.0;
				LD_RUNPATH_SEARCH_PATHS = (
					"$(inherited)",
					"@executable_path/Frameworks",
				);
				MODULE_NAME = ExampleApp;
				PRODUCT_BUNDLE_IDENTIFIER = "org.cocoapods.demo.$(PRODUCT_NAME:rfc1034identifier)";
				PRODUCT_NAME = "$(TARGET_NAME)";
				SWIFT_SWIFT3_OBJC_INFERENCE = Default;
				SWIFT_VERSION = 5.0;
			};
			name = Debug;
		};
		607FACF11AFB9204008FA782 /* Release */ = {
			isa = XCBuildConfiguration;
			baseConfigurationReference = 612464C174A5162342EC5BC0 /* Pods-SwiftyGo_Example.release.xcconfig */;
			buildSettings = {
				ASSETCATALOG_COMPILER_APPICON_NAME = AppIcon;
				INFOPLIST_FILE = SwiftyGo/Info.plist;
				IPHONEOS_DEPLOYMENT_TARGET = 14.0;
				LD_RUNPATH_SEARCH_PATHS = (
					"$(inherited)",
					"@executable_path/Frameworks",
				);
				MODULE_NAME = ExampleApp;
				PRODUCT_BUNDLE_IDENTIFIER = "org.cocoapods.demo.$(PRODUCT_NAME:rfc1034identifier)";
				PRODUCT_NAME = "$(TARGET_NAME)";
				SWIFT_SWIFT3_OBJC_INFERENCE = Default;
				SWIFT_VERSION = 5.0;
			};
			name = Release;
		};
		607FACF31AFB9204008FA782 /* Debug */ = {
			isa = XCBuildConfiguration;
			baseConfigurationReference = 51EA04224C419A70A9715F37 /* Pods-SwiftyGo_Tests.debug.xcconfig */;
			buildSettings = {
				FRAMEWORK_SEARCH_PATHS = (
					"$(PLATFORM_DIR)/Developer/Library/Frameworks",
					"$(inherited)",
				);
				GCC_PREPROCESSOR_DEFINITIONS = (
					"DEBUG=1",
					"$(inherited)",
				);
				INFOPLIST_FILE = Tests/Info.plist;
				LD_RUNPATH_SEARCH_PATHS = (
					"$(inherited)",
					"@executable_path/Frameworks",
					"@loader_path/Frameworks",
				);
				PRODUCT_BUNDLE_IDENTIFIER = "org.cocoapods.$(PRODUCT_NAME:rfc1034identifier)";
				PRODUCT_NAME = "$(TARGET_NAME)";
				SWIFT_SWIFT3_OBJC_INFERENCE = Default;
				SWIFT_VERSION = 5.0;
				TEST_HOST = "$(BUILT_PRODUCTS_DIR)/SwiftyGo_Example.app/SwiftyGo_Example";
			};
			name = Debug;
		};
		607FACF41AFB9204008FA782 /* Release */ = {
			isa = XCBuildConfiguration;
			baseConfigurationReference = EC7D2362F459C16D9FBE87CC /* Pods-SwiftyGo_Tests.release.xcconfig */;
			buildSettings = {
				FRAMEWORK_SEARCH_PATHS = (
					"$(PLATFORM_DIR)/Developer/Library/Frameworks",
					"$(inherited)",
				);
				INFOPLIST_FILE = Tests/Info.plist;
				LD_RUNPATH_SEARCH_PATHS = (
					"$(inherited)",
					"@executable_path/Frameworks",
					"@loader_path/Frameworks",
				);
				PRODUCT_BUNDLE_IDENTIFIER = "org.cocoapods.$(PRODUCT_NAME:rfc1034identifier)";
				PRODUCT_NAME = "$(TARGET_NAME)";
				SWIFT_SWIFT3_OBJC_INFERENCE = Default;
				SWIFT_VERSION = 5.0;
				TEST_HOST = "$(BUILT_PRODUCTS_DIR)/SwiftyGo_Example.app/SwiftyGo_Example";
			};
			name = Release;
		};
/* End XCBuildConfiguration section */

/* Begin XCConfigurationList section */
		607FACCB1AFB9204008FA782 /* Build configuration list for PBXProject "SwiftyGo" */ = {
			isa = XCConfigurationList;
			buildConfigurations = (
				607FACED1AFB9204008FA782 /* Debug */,
				607FACEE1AFB9204008FA782 /* Release */,
			);
			defaultConfigurationIsVisible = 0;
			defaultConfigurationName = Release;
		};
		607FACEF1AFB9204008FA782 /* Build configuration list for PBXNativeTarget "SwiftyGo_Example" */ = {
			isa = XCConfigurationList;
			buildConfigurations = (
				607FACF01AFB9204008FA782 /* Debug */,
				607FACF11AFB9204008FA782 /* Release */,
			);
			defaultConfigurationIsVisible = 0;
			defaultConfigurationName = Release;
		};
		607FACF21AFB9204008FA782 /* Build configuration list for PBXNativeTarget "SwiftyGo_Tests" */ = {
			isa = XCConfigurationList;
			buildConfigurations = (
				607FACF31AFB9204008FA782 /* Debug */,
				607FACF41AFB9204008FA782 /* Release */,
			);
			defaultConfigurationIsVisible = 0;
			defaultConfigurationName = Release;
		};
/* End XCConfigurationList section */

/* Begin XCRemoteSwiftPackageReference section */
		BC0B9705270BF9DA002B8F35 /* XCRemoteSwiftPackageReference "SDWebImageSwiftUI" */ = {
			isa = XCRemoteSwiftPackageReference;
			repositoryURL = "https://github.com/SDWebImage/SDWebImageSwiftUI.git";
			requirement = {
				kind = upToNextMajorVersion;
				minimumVersion = 2.0.0;
			};
		};
/* End XCRemoteSwiftPackageReference section */

/* Begin XCSwiftPackageProductDependency section */
		BC0B9706270BF9DA002B8F35 /* SDWebImageSwiftUI */ = {
			isa = XCSwiftPackageProductDependency;
			package = BC0B9705270BF9DA002B8F35 /* XCRemoteSwiftPackageReference "SDWebImageSwiftUI" */;
			productName = SDWebImageSwiftUI;
		};
/* End XCSwiftPackageProductDependency section */
	};
	rootObject = 607FACC81AFB9204008FA782 /* Project object */;
}
